
Microsoft Visual Studio Solution File, Format Version 12.00
# Visual Studio Version 16
VisualStudioVersion = 16.0.31515.178
MinimumVisualStudioVersion = 10.0.40219.1
Project("{9A19103F-16F7-4668-BE54-9A1E7A4F7556}") = "Car.Service", "Car.Service\Car.Service.csproj", "{8689188C-4FE2-4835-9458-06A6F0B2BEBE}"
EndProject
Project("{9A19103F-16F7-4668-BE54-9A1E7A4F7556}") = "Car.Core", "Car.Core\Car.Core.csproj", "{273439EB-8AC2-4A6B-B489-65CFDC2C8B7D}"
EndProject
Project("{9A19103F-16F7-4668-BE54-9A1E7A4F7556}") = "Car.Infrastructure", "Car.Infrastructure\Car.Infrastructure.csproj", "{B0D6771A-75FC-479D-AD4B-C33102B6811E}"
EndProject
Project("{FAE04EC0-301F-11D3-BF4B-00C04F79EFBC}") = "Client.Service", "Client.Service\Client.Service.csproj", "{8E49E457-26A4-402A-90B4-F485886FA55E}"
EndProject
Project("{FAE04EC0-301F-11D3-BF4B-00C04F79EFBC}") = "Client.Core", "Client.Core\Client.Core.csproj", "{93F16474-D313-42B1-B3E8-F4BF7A2DE197}"
EndProject
Project("{FAE04EC0-301F-11D3-BF4B-00C04F79EFBC}") = "Client.Infrastructure", "Client.Infrastructure\Client.Infrastructure.csproj", "{7881A6D6-0B44-43A9-8A2D-F26DEF185B0A}"
EndProject
Global
	GlobalSection(SolutionConfigurationPlatforms) = preSolution
		Debug|Any CPU = Debug|Any CPU
		Release|Any CPU = Release|Any CPU
	EndGlobalSection
	GlobalSection(ProjectConfigurationPlatforms) = postSolution
		{8689188C-4FE2-4835-9458-06A6F0B2BEBE}.Debug|Any CPU.ActiveCfg = Debug|Any CPU
		{8689188C-4FE2-4835-9458-06A6F0B2BEBE}.Debug|Any CPU.Build.0 = Debug|Any CPU
		{8689188C-4FE2-4835-9458-06A6F0B2BEBE}.Release|Any CPU.ActiveCfg = Release|Any CPU
		{8689188C-4FE2-4835-9458-06A6F0B2BEBE}.Release|Any CPU.Build.0 = Release|Any CPU
		{273439EB-8AC2-4A6B-B489-65CFDC2C8B7D}.Debug|Any CPU.ActiveCfg = Debug|Any CPU
		{273439EB-8AC2-4A6B-B489-65CFDC2C8B7D}.Debug|Any CPU.Build.0 = Debug|Any CPU
		{273439EB-8AC2-4A6B-B489-65CFDC2C8B7D}.Release|Any CPU.ActiveCfg = Release|Any CPU
		{273439EB-8AC2-4A6B-B489-65CFDC2C8B7D}.Release|Any CPU.Build.0 = Release|Any CPU
		{B0D6771A-75FC-479D-AD4B-C33102B6811E}.Debug|Any CPU.ActiveCfg = Debug|Any CPU
		{B0D6771A-75FC-479D-AD4B-C33102B6811E}.Debug|Any CPU.Build.0 = Debug|Any CPU
		{B0D6771A-75FC-479D-AD4B-C33102B6811E}.Release|Any CPU.ActiveCfg = Release|Any CPU
		{B0D6771A-75FC-479D-AD4B-C33102B6811E}.Release|Any CPU.Build.0 = Release|Any CPU
		{8E49E457-26A4-402A-90B4-F485886FA55E}.Debug|Any CPU.ActiveCfg = Debug|Any CPU
		{8E49E457-26A4-402A-90B4-F485886FA55E}.Debug|Any CPU.Build.0 = Debug|Any CPU
		{8E49E457-26A4-402A-90B4-F485886FA55E}.Release|Any CPU.ActiveCfg = Release|Any CPU
		{8E49E457-26A4-402A-90B4-F485886FA55E}.Release|Any CPU.Build.0 = Release|Any CPU
		{93F16474-D313-42B1-B3E8-F4BF7A2DE197}.Debug|Any CPU.ActiveCfg = Debug|Any CPU
		{93F16474-D313-42B1-B3E8-F4BF7A2DE197}.Debug|Any CPU.Build.0 = Debug|Any CPU
		{93F16474-D313-42B1-B3E8-F4BF7A2DE197}.Release|Any CPU.ActiveCfg = Release|Any CPU
		{93F16474-D313-42B1-B3E8-F4BF7A2DE197}.Release|Any CPU.Build.0 = Release|Any CPU
		{7881A6D6-0B44-43A9-8A2D-F26DEF185B0A}.Debug|Any CPU.ActiveCfg = Debug|Any CPU
		{7881A6D6-0B44-43A9-8A2D-F26DEF185B0A}.Debug|Any CPU.Build.0 = Debug|Any CPU
		{7881A6D6-0B44-43A9-8A2D-F26DEF185B0A}.Release|Any CPU.ActiveCfg = Release|Any CPU
		{7881A6D6-0B44-43A9-8A2D-F26DEF185B0A}.Release|Any CPU.Build.0 = Release|Any CPU
	EndGlobalSection
	GlobalSection(SolutionProperties) = preSolution
		HideSolutionNode = FALSE
	EndGlobalSection
	GlobalSection(ExtensibilityGlobals) = postSolution
		SolutionGuid = {AD1063B3-0870-4173-8D44-29D0478D357B}
	EndGlobalSection
EndGlobal
